// !$*UTF8*$!
{
	archiveVersion = 1;
	classes = {
	};
	objectVersion = 50;
	objects = {

/* Begin PBXBuildFile section */
		79E62774256BA1BB004520D7 /* AppDelegate.swift in Sources */ = {isa = PBXBuildFile; fileRef = 79E62773256BA1BB004520D7 /* AppDelegate.swift */; };
		79E62776256BA1BB004520D7 /* SceneDelegate.swift in Sources */ = {isa = PBXBuildFile; fileRef = 79E62775256BA1BB004520D7 /* SceneDelegate.swift */; };
		79E62778256BA1BB004520D7 /* ViewController.swift in Sources */ = {isa = PBXBuildFile; fileRef = 79E62777256BA1BB004520D7 /* ViewController.swift */; };
		79E6277B256BA1BB004520D7 /* Main.storyboard in Resources */ = {isa = PBXBuildFile; fileRef = 79E62779256BA1BB004520D7 /* Main.storyboard */; };
		79E6277D256BA1BC004520D7 /* Assets.xcassets in Resources */ = {isa = PBXBuildFile; fileRef = 79E6277C256BA1BC004520D7 /* Assets.xcassets */; };
		79E62780256BA1BC004520D7 /* LaunchScreen.storyboard in Resources */ = {isa = PBXBuildFile; fileRef = 79E6277E256BA1BC004520D7 /* LaunchScreen.storyboard */; };
		79E6278B256BA1BC004520D7 /* Homework_3_1Tests.swift in Sources */ = {isa = PBXBuildFile; fileRef = 79E6278A256BA1BC004520D7 /* Homework_3_1Tests.swift */; };
		79E62796256BA1BC004520D7 /* Homework_3_1UITests.swift in Sources */ = {isa = PBXBuildFile; fileRef = 79E62795256BA1BC004520D7 /* Homework_3_1UITests.swift */; };
		79E627A7256BA28E004520D7 /* PrimaryButton.swift in Sources */ = {isa = PBXBuildFile; fileRef = 79E627A6256BA28E004520D7 /* PrimaryButton.swift */; };
/* End PBXBuildFile section */

/* Begin PBXContainerItemProxy section */
		79E62787256BA1BC004520D7 /* PBXContainerItemProxy */ = {
			isa = PBXContainerItemProxy;
			containerPortal = 79E62768256BA1BA004520D7 /* Project object */;
			proxyType = 1;
			remoteGlobalIDString = 79E6276F256BA1BB004520D7;
			remoteInfo = "Homework 3.1";
		};
		79E62792256BA1BC004520D7 /* PBXContainerItemProxy */ = {
			isa = PBXContainerItemProxy;
			containerPortal = 79E62768256BA1BA004520D7 /* Project object */;
			proxyType = 1;
			remoteGlobalIDString = 79E6276F256BA1BB004520D7;
			remoteInfo = "Homework 3.1";
		};
/* End PBXContainerItemProxy section */

/* Begin PBXFileReference section */
		79E62770256BA1BB004520D7 /* Homework 3.1.app */ = {isa = PBXFileReference; explicitFileType = wrapper.application; includeInIndex = 0; path = "Homework 3.1.app"; sourceTree = BUILT_PRODUCTS_DIR; };
		79E62773256BA1BB004520D7 /* AppDelegate.swift */ = {isa = PBXFileReference; lastKnownFileType = sourcecode.swift; path = AppDelegate.swift; sourceTree = "<group>"; };
		79E62775256BA1BB004520D7 /* SceneDelegate.swift */ = {isa = PBXFileReference; lastKnownFileType = sourcecode.swift; path = SceneDelegate.swift; sourceTree = "<group>"; };
		79E62777256BA1BB004520D7 /* ViewController.swift */ = {isa = PBXFileReference; lastKnownFileType = sourcecode.swift; path = ViewController.swift; sourceTree = "<group>"; };
		79E6277A256BA1BB004520D7 /* Base */ = {isa = PBXFileReference; lastKnownFileType = file.storyboard; name = Base; path = Base.lproj/Main.storyboard; sourceTree = "<group>"; };
		79E6277C256BA1BC004520D7 /* Assets.xcassets */ = {isa = PBXFileReference; lastKnownFileType = folder.assetcatalog; path = Assets.xcassets; sourceTree = "<group>"; };
		79E6277F256BA1BC004520D7 /* Base */ = {isa = PBXFileReference; lastKnownFileType = file.storyboard; name = Base; path = Base.lproj/LaunchScreen.storyboard; sourceTree = "<group>"; };
		79E62781256BA1BC004520D7 /* Info.plist */ = {isa = PBXFileReference; lastKnownFileType = text.plist.xml; path = Info.plist; sourceTree = "<group>"; };
		79E62786256BA1BC004520D7 /* Homework 3.1Tests.xctest */ = {isa = PBXFileReference; explicitFileType = wrapper.cfbundle; includeInIndex = 0; path = "Homework 3.1Tests.xctest"; sourceTree = BUILT_PRODUCTS_DIR; };
		79E6278A256BA1BC004520D7 /* Homework_3_1Tests.swift */ = {isa = PBXFileReference; lastKnownFileType = sourcecode.swift; path = Homework_3_1Tests.swift; sourceTree = "<group>"; };
		79E6278C256BA1BC004520D7 /* Info.plist */ = {isa = PBXFileReference; lastKnownFileType = text.plist.xml; path = Info.plist; sourceTree = "<group>"; };
		79E62791256BA1BC004520D7 /* Homework 3.1UITests.xctest */ = {isa = PBXFileReference; explicitFileType = wrapper.cfbundle; includeInIndex = 0; path = "Homework 3.1UITests.xctest"; sourceTree = BUILT_PRODUCTS_DIR; };
		79E62795256BA1BC004520D7 /* Homework_3_1UITests.swift */ = {isa = PBXFileReference; lastKnownFileType = sourcecode.swift; path = Homework_3_1UITests.swift; sourceTree = "<group>"; };
		79E62797256BA1BC004520D7 /* Info.plist */ = {isa = PBXFileReference; lastKnownFileType = text.plist.xml; path = Info.plist; sourceTree = "<group>"; };
		79E627A6256BA28E004520D7 /* PrimaryButton.swift */ = {isa = PBXFileReference; lastKnownFileType = sourcecode.swift; path = PrimaryButton.swift; sourceTree = "<group>"; usesTabs = 0; };
/* End PBXFileReference section */

/* Begin PBXFrameworksBuildPhase section */
		79E6276D256BA1BB004520D7 /* Frameworks */ = {
			isa = PBXFrameworksBuildPhase;
			buildActionMask = 2147483647;
			files = (
			);
			runOnlyForDeploymentPostprocessing = 0;
		};
		79E62783256BA1BC004520D7 /* Frameworks */ = {
			isa = PBXFrameworksBuildPhase;
			buildActionMask = 2147483647;
			files = (
			);
			runOnlyForDeploymentPostprocessing = 0;
		};
		79E6278E256BA1BC004520D7 /* Frameworks */ = {
			isa = PBXFrameworksBuildPhase;
			buildActionMask = 2147483647;
			files = (
			);
			runOnlyForDeploymentPostprocessing = 0;
		};
/* End PBXFrameworksBuildPhase section */

/* Begin PBXGroup section */
		79E62767256BA1BA004520D7 = {
			isa = PBXGroup;
			children = (
				79E62772256BA1BB004520D7 /* Homework 3.1 */,
				79E62789256BA1BC004520D7 /* Homework 3.1Tests */,
				79E62794256BA1BC004520D7 /* Homework 3.1UITests */,
				79E62771256BA1BB004520D7 /* Products */,
			);
			sourceTree = "<group>";
		};
		79E62771256BA1BB004520D7 /* Products */ = {
			isa = PBXGroup;
			children = (
				79E62770256BA1BB004520D7 /* Homework 3.1.app */,
				79E62786256BA1BC004520D7 /* Homework 3.1Tests.xctest */,
				79E62791256BA1BC004520D7 /* Homework 3.1UITests.xctest */,
			);
			name = Products;
			sourceTree = "<group>";
		};
		79E62772256BA1BB004520D7 /* Homework 3.1 */ = {
			isa = PBXGroup;
			children = (
				79E62773256BA1BB004520D7 /* AppDelegate.swift */,
				79E62775256BA1BB004520D7 /* SceneDelegate.swift */,
				79E62777256BA1BB004520D7 /* ViewController.swift */,
				79E62779256BA1BB004520D7 /* Main.storyboard */,
				79E627A6256BA28E004520D7 /* PrimaryButton.swift */,
				79E6277C256BA1BC004520D7 /* Assets.xcassets */,
				79E6277E256BA1BC004520D7 /* LaunchScreen.storyboard */,
				79E62781256BA1BC004520D7 /* Info.plist */,
			);
			path = "Homework 3.1";
			sourceTree = "<group>";
		};
		79E62789256BA1BC004520D7 /* Homework 3.1Tests */ = {
			isa = PBXGroup;
			children = (
				79E6278A256BA1BC004520D7 /* Homework_3_1Tests.swift */,
				79E6278C256BA1BC004520D7 /* Info.plist */,
			);
			path = "Homework 3.1Tests";
			sourceTree = "<group>";
		};
		79E62794256BA1BC004520D7 /* Homework 3.1UITests */ = {
			isa = PBXGroup;
			children = (
				79E62795256BA1BC004520D7 /* Homework_3_1UITests.swift */,
				79E62797256BA1BC004520D7 /* Info.plist */,
			);
			path = "Homework 3.1UITests";
			sourceTree = "<group>";
		};
/* End PBXGroup section */

/* Begin PBXNativeTarget section */
		79E6276F256BA1BB004520D7 /* Homework 3.1 */ = {
			isa = PBXNativeTarget;
			buildConfigurationList = 79E6279A256BA1BC004520D7 /* Build configuration list for PBXNativeTarget "Homework 3.1" */;
			buildPhases = (
				79E6276C256BA1BB004520D7 /* Sources */,
				79E6276D256BA1BB004520D7 /* Frameworks */,
				79E6276E256BA1BB004520D7 /* Resources */,
			);
			buildRules = (
			);
			dependencies = (
			);
			name = "Homework 3.1";
			productName = "Homework 3.1";
			productReference = 79E62770256BA1BB004520D7 /* Homework 3.1.app */;
			productType = "com.apple.product-type.application";
		};
		79E62785256BA1BC004520D7 /* Homework 3.1Tests */ = {
			isa = PBXNativeTarget;
			buildConfigurationList = 79E6279D256BA1BC004520D7 /* Build configuration list for PBXNativeTarget "Homework 3.1Tests" */;
			buildPhases = (
				79E62782256BA1BC004520D7 /* Sources */,
				79E62783256BA1BC004520D7 /* Frameworks */,
				79E62784256BA1BC004520D7 /* Resources */,
			);
			buildRules = (
			);
			dependencies = (
				79E62788256BA1BC004520D7 /* PBXTargetDependency */,
			);
			name = "Homework 3.1Tests";
			productName = "Homework 3.1Tests";
			productReference = 79E62786256BA1BC004520D7 /* Homework 3.1Tests.xctest */;
			productType = "com.apple.product-type.bundle.unit-test";
		};
		79E62790256BA1BC004520D7 /* Homework 3.1UITests */ = {
			isa = PBXNativeTarget;
			buildConfigurationList = 79E627A0256BA1BC004520D7 /* Build configuration list for PBXNativeTarget "Homework 3.1UITests" */;
			buildPhases = (
				79E6278D256BA1BC004520D7 /* Sources */,
				79E6278E256BA1BC004520D7 /* Frameworks */,
				79E6278F256BA1BC004520D7 /* Resources */,
			);
			buildRules = (
			);
			dependencies = (
				79E62793256BA1BC004520D7 /* PBXTargetDependency */,
			);
			name = "Homework 3.1UITests";
			productName = "Homework 3.1UITests";
			productReference = 79E62791256BA1BC004520D7 /* Homework 3.1UITests.xctest */;
			productType = "com.apple.product-type.bundle.ui-testing";
		};
/* End PBXNativeTarget section */

/* Begin PBXProject section */
		79E62768256BA1BA004520D7 /* Project object */ = {
			isa = PBXProject;
			attributes = {
				LastSwiftUpdateCheck = 1220;
				LastUpgradeCheck = 1220;
				TargetAttributes = {
					79E6276F256BA1BB004520D7 = {
						CreatedOnToolsVersion = 12.2;
					};
					79E62785256BA1BC004520D7 = {
						CreatedOnToolsVersion = 12.2;
						TestTargetID = 79E6276F256BA1BB004520D7;
					};
					79E62790256BA1BC004520D7 = {
						CreatedOnToolsVersion = 12.2;
						TestTargetID = 79E6276F256BA1BB004520D7;
					};
				};
			};
			buildConfigurationList = 79E6276B256BA1BA004520D7 /* Build configuration list for PBXProject "Homework 3.1" */;
			compatibilityVersion = "Xcode 9.3";
			developmentRegion = en;
			hasScannedForEncodings = 0;
			knownRegions = (
				en,
				Base,
			);
			mainGroup = 79E62767256BA1BA004520D7;
			productRefGroup = 79E62771256BA1BB004520D7 /* Products */;
			projectDirPath = "";
			projectRoot = "";
			targets = (
				79E6276F256BA1BB004520D7 /* Homework 3.1 */,
				79E62785256BA1BC004520D7 /* Homework 3.1Tests */,
				79E62790256BA1BC004520D7 /* Homework 3.1UITests */,
			);
		};
/* End PBXProject section */

/* Begin PBXResourcesBuildPhase section */
		79E6276E256BA1BB004520D7 /* Resources */ = {
			isa = PBXResourcesBuildPhase;
			buildActionMask = 2147483647;
			files = (
				79E62780256BA1BC004520D7 /* LaunchScreen.storyboard in Resources */,
				79E6277D256BA1BC004520D7 /* Assets.xcassets in Resources */,
				79E6277B256BA1BB004520D7 /* Main.storyboard in Resources */,
			);
			runOnlyForDeploymentPostprocessing = 0;
		};
		79E62784256BA1BC004520D7 /* Resources */ = {
			isa = PBXResourcesBuildPhase;
			buildActionMask = 2147483647;
			files = (
			);
			runOnlyForDeploymentPostprocessing = 0;
		};
		79E6278F256BA1BC004520D7 /* Resources */ = {
			isa = PBXResourcesBuildPhase;
			buildActionMask = 2147483647;
			files = (
			);
			runOnlyForDeploymentPostprocessing = 0;
		};
/* End PBXResourcesBuildPhase section */

/* Begin PBXSourcesBuildPhase section */
		79E6276C256BA1BB004520D7 /* Sources */ = {
			isa = PBXSourcesBuildPhase;
			buildActionMask = 2147483647;
			files = (
				79E62778256BA1BB004520D7 /* ViewController.swift in Sources */,
				79E62774256BA1BB004520D7 /* AppDelegate.swift in Sources */,
				79E627A7256BA28E004520D7 /* PrimaryButton.swift in Sources */,
				79E62776256BA1BB004520D7 /* SceneDelegate.swift in Sources */,
			);
			runOnlyForDeploymentPostprocessing = 0;
		};
		79E62782256BA1BC004520D7 /* Sources */ = {
			isa = PBXSourcesBuildPhase;
			buildActionMask = 2147483647;
			files = (
				79E6278B256BA1BC004520D7 /* Homework_3_1Tests.swift in Sources */,
			);
			runOnlyForDeploymentPostprocessing = 0;
		};
		79E6278D256BA1BC004520D7 /* Sources */ = {
			isa = PBXSourcesBuildPhase;
			buildActionMask = 2147483647;
			files = (
				79E62796256BA1BC004520D7 /* Homework_3_1UITests.swift in Sources */,
			);
			runOnlyForDeploymentPostprocessing = 0;
		};
/* End PBXSourcesBuildPhase section */

/* Begin PBXTargetDependency section */
		79E62788256BA1BC004520D7 /* PBXTargetDependency */ = {
			isa = PBXTargetDependency;
			target = 79E6276F256BA1BB004520D7 /* Homework 3.1 */;
			targetProxy = 79E62787256BA1BC004520D7 /* PBXContainerItemProxy */;
		};
		79E62793256BA1BC004520D7 /* PBXTargetDependency */ = {
			isa = PBXTargetDependency;
			target = 79E6276F256BA1BB004520D7 /* Homework 3.1 */;
			targetProxy = 79E62792256BA1BC004520D7 /* PBXContainerItemProxy */;
		};
/* End PBXTargetDependency section */

/* Begin PBXVariantGroup section */
		79E62779256BA1BB004520D7 /* Main.storyboard */ = {
			isa = PBXVariantGroup;
			children = (
				79E6277A256BA1BB004520D7 /* Base */,
			);
			name = Main.storyboard;
			sourceTree = "<group>";
		};
		79E6277E256BA1BC004520D7 /* LaunchScreen.storyboard */ = {
			isa = PBXVariantGroup;
			children = (
				79E6277F256BA1BC004520D7 /* Base */,
			);
			name = LaunchScreen.storyboard;
			sourceTree = "<group>";
		};
/* End PBXVariantGroup section */

/* Begin XCBuildConfiguration section */
		79E62798256BA1BC004520D7 /* Debug */ = {
			isa = XCBuildConfiguration;
			buildSettings = {
				ALWAYS_SEARCH_USER_PATHS = NO;
				CLANG_ANALYZER_NONNULL = YES;
				CLANG_ANALYZER_NUMBER_OBJECT_CONVERSION = YES_AGGRESSIVE;
				CLANG_CXX_LANGUAGE_STANDARD = "gnu++14";
				CLANG_CXX_LIBRARY = "libc++";
				CLANG_ENABLE_MODULES = YES;
				CLANG_ENABLE_OBJC_ARC = YES;
				CLANG_ENABLE_OBJC_WEAK = YES;
				CLANG_WARN_BLOCK_CAPTURE_AUTORELEASING = YES;
				CLANG_WARN_BOOL_CONVERSION = YES;
				CLANG_WARN_COMMA = YES;
				CLANG_WARN_CONSTANT_CONVERSION = YES;
				CLANG_WARN_DEPRECATED_OBJC_IMPLEMENTATIONS = YES;
				CLANG_WARN_DIRECT_OBJC_ISA_USAGE = YES_ERROR;
				CLANG_WARN_DOCUMENTATION_COMMENTS = YES;
				CLANG_WARN_EMPTY_BODY = YES;
				CLANG_WARN_ENUM_CONVERSION = YES;
				CLANG_WARN_INFINITE_RECURSION = YES;
				CLANG_WARN_INT_CONVERSION = YES;
				CLANG_WARN_NON_LITERAL_NULL_CONVERSION = YES;
				CLANG_WARN_OBJC_IMPLICIT_RETAIN_SELF = YES;
				CLANG_WARN_OBJC_LITERAL_CONVERSION = YES;
				CLANG_WARN_OBJC_ROOT_CLASS = YES_ERROR;
				CLANG_WARN_QUOTED_INCLUDE_IN_FRAMEWORK_HEADER = YES;
				CLANG_WARN_RANGE_LOOP_ANALYSIS = YES;
				CLANG_WARN_STRICT_PROTOTYPES = YES;
				CLANG_WARN_SUSPICIOUS_MOVE = YES;
				CLANG_WARN_UNGUARDED_AVAILABILITY = YES_AGGRESSIVE;
				CLANG_WARN_UNREACHABLE_CODE = YES;
				CLANG_WARN__DUPLICATE_METHOD_MATCH = YES;
				COPY_PHASE_STRIP = NO;
				DEBUG_INFORMATION_FORMAT = dwarf;
				ENABLE_STRICT_OBJC_MSGSEND = YES;
				ENABLE_TESTABILITY = YES;
				GCC_C_LANGUAGE_STANDARD = gnu11;
				GCC_DYNAMIC_NO_PIC = NO;
				GCC_NO_COMMON_BLOCKS = YES;
				GCC_OPTIMIZATION_LEVEL = 0;
				GCC_PREPROCESSOR_DEFINITIONS = (
					"DEBUG=1",
					"$(inherited)",
				);
				GCC_WARN_64_TO_32_BIT_CONVERSION = YES;
				GCC_WARN_ABOUT_RETURN_TYPE = YES_ERROR;
				GCC_WARN_UNDECLARED_SELECTOR = YES;
				GCC_WARN_UNINITIALIZED_AUTOS = YES_AGGRESSIVE;
				GCC_WARN_UNUSED_FUNCTION = YES;
				GCC_WARN_UNUSED_VARIABLE = YES;
				IPHONEOS_DEPLOYMENT_TARGET = 14.2;
				MTL_ENABLE_DEBUG_INFO = INCLUDE_SOURCE;
				MTL_FAST_MATH = YES;
				ONLY_ACTIVE_ARCH = YES;
				SDKROOT = iphoneos;
				SWIFT_ACTIVE_COMPILATION_CONDITIONS = DEBUG;
				SWIFT_OPTIMIZATION_LEVEL = "-Onone";
			};
			name = Debug;
		};
		79E62799256BA1BC004520D7 /* Release */ = {
			isa = XCBuildConfiguration;
			buildSettings = {
				ALWAYS_SEARCH_USER_PATHS = NO;
				CLANG_ANALYZER_NONNULL = YES;
				CLANG_ANALYZER_NUMBER_OBJECT_CONVERSION = YES_AGGRESSIVE;
				CLANG_CXX_LANGUAGE_STANDARD = "gnu++14";
				CLANG_CXX_LIBRARY = "libc++";
				CLANG_ENABLE_MODULES = YES;
				CLANG_ENABLE_OBJC_ARC = YES;
				CLANG_ENABLE_OBJC_WEAK = YES;
				CLANG_WARN_BLOCK_CAPTURE_AUTORELEASING = YES;
				CLANG_WARN_BOOL_CONVERSION = YES;
				CLANG_WARN_COMMA = YES;
				CLANG_WARN_CONSTANT_CONVERSION = YES;
				CLANG_WARN_DEPRECATED_OBJC_IMPLEMENTATIONS = YES;
				CLANG_WARN_DIRECT_OBJC_ISA_USAGE = YES_ERROR;
				CLANG_WARN_DOCUMENTATION_COMMENTS = YES;
				CLANG_WARN_EMPTY_BODY = YES;
				CLANG_WARN_ENUM_CONVERSION = YES;
				CLANG_WARN_INFINITE_RECURSION = YES;
				CLANG_WARN_INT_CONVERSION = YES;
				CLANG_WARN_NON_LITERAL_NULL_CONVERSION = YES;
				CLANG_WARN_OBJC_IMPLICIT_RETAIN_SELF = YES;
				CLANG_WARN_OBJC_LITERAL_CONVERSION = YES;
				CLANG_WARN_OBJC_ROOT_CLASS = YES_ERROR;
				CLANG_WARN_QUOTED_INCLUDE_IN_FRAMEWORK_HEADER = YES;
				CLANG_WARN_RANGE_LOOP_ANALYSIS = YES;
				CLANG_WARN_STRICT_PROTOTYPES = YES;
				CLANG_WARN_SUSPICIOUS_MOVE = YES;
				CLANG_WARN_UNGUARDED_AVAILABILITY = YES_AGGRESSIVE;
				CLANG_WARN_UNREACHABLE_CODE = YES;
				CLANG_WARN__DUPLICATE_METHOD_MATCH = YES;
				COPY_PHASE_STRIP = NO;
				DEBUG_INFORMATION_FORMAT = "dwarf-with-dsym";
				ENABLE_NS_ASSERTIONS = NO;
				ENABLE_STRICT_OBJC_MSGSEND = YES;
				GCC_C_LANGUAGE_STANDARD = gnu11;
				GCC_NO_COMMON_BLOCKS = YES;
				GCC_WARN_64_TO_32_BIT_CONVERSION = YES;
				GCC_WARN_ABOUT_RETURN_TYPE = YES_ERROR;
				GCC_WARN_UNDECLARED_SELECTOR = YES;
				GCC_WARN_UNINITIALIZED_AUTOS = YES_AGGRESSIVE;
				GCC_WARN_UNUSED_FUNCTION = YES;
				GCC_WARN_UNUSED_VARIABLE = YES;
				IPHONEOS_DEPLOYMENT_TARGET = 14.2;
				MTL_ENABLE_DEBUG_INFO = NO;
				MTL_FAST_MATH = YES;
				SDKROOT = iphoneos;
				SWIFT_COMPILATION_MODE = wholemodule;
				SWIFT_OPTIMIZATION_LEVEL = "-O";
				VALIDATE_PRODUCT = YES;
			};
			name = Release;
		};
		79E6279B256BA1BC004520D7 /* Debug */ = {
			isa = XCBuildConfiguration;
			buildSettings = {
				ASSETCATALOG_COMPILER_APPICON_NAME = AppIcon;
				ASSETCATALOG_COMPILER_GLOBAL_ACCENT_COLOR_NAME = AccentColor;
				CODE_SIGN_STYLE = Automatic;
				DEVELOPMENT_TEAM = 895RB93Z73;
				INFOPLIST_FILE = "Homework 3.1/Info.plist";
				LD_RUNPATH_SEARCH_PATHS = (
					"$(inherited)",
					"@executable_path/Frameworks",
				);
				PRODUCT_BUNDLE_IDENTIFIER = "stas.Homework-3-1";
				PRODUCT_NAME = "$(TARGET_NAME)";
				SWIFT_VERSION = 5.0;
				TARGETED_DEVICE_FAMILY = 1;
			};
			name = Debug;
		};
		79E6279C256BA1BC004520D7 /* Release */ = {
			isa = XCBuildConfiguration;
			buildSettings = {
				ASSETCATALOG_COMPILER_APPICON_NAME = AppIcon;
				ASSETCATALOG_COMPILER_GLOBAL_ACCENT_COLOR_NAME = AccentColor;
				CODE_SIGN_STYLE = Automatic;
				DEVELOPMENT_TEAM = 895RB93Z73;
				INFOPLIST_FILE = "Homework 3.1/Info.plist";
				LD_RUNPATH_SEARCH_PATHS = (
					"$(inherited)",
					"@executable_path/Frameworks",
				);
				PRODUCT_BUNDLE_IDENTIFIER = "stas.Homework-3-1";
				PRODUCT_NAME = "$(TARGET_NAME)";
				SWIFT_VERSION = 5.0;
				TARGETED_DEVICE_FAMILY = 1;
			};
			name = Release;
		};
		79E6279E256BA1BC004520D7 /* Debug */ = {
			isa = XCBuildConfiguration;
			buildSettings = {
				ALWAYS_EMBED_SWIFT_STANDARD_LIBRARIES = YES;
				BUNDLE_LOADER = "$(TEST_HOST)";
				CODE_SIGN_STYLE = Automatic;
				DEVELOPMENT_TEAM = 895RB93Z73;
				INFOPLIST_FILE = "Homework 3.1Tests/Info.plist";
				IPHONEOS_DEPLOYMENT_TARGET = 14.2;
				LD_RUNPATH_SEARCH_PATHS = (
					"$(inherited)",
					"@executable_path/Frameworks",
					"@loader_path/Frameworks",
				);
				PRODUCT_BUNDLE_IDENTIFIER = "stas.Homework-3-1Tests";
				PRODUCT_NAME = "$(TARGET_NAME)";
				SWIFT_VERSION = 5.0;
				TARGETED_DEVICE_FAMILY = "1,2";
				TEST_HOST = "$(BUILT_PRODUCTS_DIR)/Homework 3.1.app/Homework 3.1";
			};
			name = Debug;
		};
		79E6279F256BA1BC004520D7 /* Release */ = {
			isa = XCBuildConfiguration;
			buildSettings = {
				ALWAYS_EMBED_SWIFT_STANDARD_LIBRARIES = YES;
				BUNDLE_LOADER = "$(TEST_HOST)";
				CODE_SIGN_STYLE = Automatic;
				DEVELOPMENT_TEAM = 895RB93Z73;
				INFOPLIST_FILE = "Homework 3.1Tests/Info.plist";
				IPHONEOS_DEPLOYMENT_TARGET = 14.2;
				LD_RUNPATH_SEARCH_PATHS = (
					"$(inherited)",
					"@executable_path/Frameworks",
					"@loader_path/Frameworks",
				);
				PRODUCT_BUNDLE_IDENTIFIER = "stas.Homework-3-1Tests";
				PRODUCT_NAME = "$(TARGET_NAME)";
				SWIFT_VERSION = 5.0;
				TARGETED_DEVICE_FAMILY = "1,2";
				TEST_HOST = "$(BUILT_PRODUCTS_DIR)/Homework 3.1.app/Homework 3.1";
			};
			name = Release;
		};
		79E627A1256BA1BC004520D7 /* Debug */ = {
			isa = XCBuildConfiguration;
			buildSettings = {
				ALWAYS_EMBED_SWIFT_STANDARD_LIBRARIES = YES;
				CODE_SIGN_STYLE = Automatic;
				DEVELOPMENT_TEAM = 895RB93Z73;
				INFOPLIST_FILE = "Homework 3.1UITests/Info.plist";
				LD_RUNPATH_SEARCH_PATHS = (
					"$(inherited)",
					"@executable_path/Frameworks",
					"@loader_path/Frameworks",
				);
				PRODUCT_BUNDLE_IDENTIFIER = "stas.Homework-3-1UITests";
				PRODUCT_NAME = "$(TARGET_NAME)";
				SWIFT_VERSION = 5.0;
				TARGETED_DEVICE_FAMILY = "1,2";
				TEST_TARGET_NAME = "Homework 3.1";
			};
			name = Debug;
		};
		79E627A2256BA1BC004520D7 /* Release */ = {
			isa = XCBuildConfiguration;
			buildSettings = {
				ALWAYS_EMBED_SWIFT_STANDARD_LIBRARIES = YES;
				CODE_SIGN_STYLE = Automatic;
				DEVELOPMENT_TEAM = 895RB93Z73;
				INFOPLIST_FILE = "Homework 3.1UITests/Info.plist";
				LD_RUNPATH_SEARCH_PATHS = (
					"$(inherited)",
					"@executable_path/Frameworks",
					"@loader_path/Frameworks",
				);
				PRODUCT_BUNDLE_IDENTIFIER = "stas.Homework-3-1UITests";
				PRODUCT_NAME = "$(TARGET_NAME)";
				SWIFT_VERSION = 5.0;
				TARGETED_DEVICE_FAMILY = "1,2";
				TEST_TARGET_NAME = "Homework 3.1";
			};
			name = Release;
		};
/* End XCBuildConfiguration section */

/* Begin XCConfigurationList section */
		79E6276B256BA1BA004520D7 /* Build configuration list for PBXProject "Homework 3.1" */ = {
			isa = XCConfigurationList;
			buildConfigurations = (
				79E62798256BA1BC004520D7 /* Debug */,
				79E62799256BA1BC004520D7 /* Release */,
			);
			defaultConfigurationIsVisible = 0;
			defaultConfigurationName = Release;
		};
		79E6279A256BA1BC004520D7 /* Build configuration list for PBXNativeTarget "Homework 3.1" */ = {
			isa = XCConfigurationList;
			buildConfigurations = (
				79E6279B256BA1BC004520D7 /* Debug */,
				79E6279C256BA1BC004520D7 /* Release */,
			);
			defaultConfigurationIsVisible = 0;
			defaultConfigurationName = Release;
		};
		79E6279D256BA1BC004520D7 /* Build configuration list for PBXNativeTarget "Homework 3.1Tests" */ = {
			isa = XCConfigurationList;
			buildConfigurations = (
				79E6279E256BA1BC004520D7 /* Debug */,
				79E6279F256BA1BC004520D7 /* Release */,
			);
			defaultConfigurationIsVisible = 0;
			defaultConfigurationName = Release;
		};
		79E627A0256BA1BC004520D7 /* Build configuration list for PBXNativeTarget "Homework 3.1UITests" */ = {
			isa = XCConfigurationList;
			buildConfigurations = (
				79E627A1256BA1BC004520D7 /* Debug */,
				79E627A2256BA1BC004520D7 /* Release */,
			);
			defaultConfigurationIsVisible = 0;
			defaultConfigurationName = Release;
		};
/* End XCConfigurationList section */
	};
	rootObject = 79E62768256BA1BA004520D7 /* Project object */;
}
